
Microsoft Visual Studio Solution File, Format Version 12.00
Project("{2150E333-8FDC-42A3-9474-1A3956D46DE8}") = "src", "src", "{827E0CD3-B72D-47B6-A68D-7590B98EB39B}"
EndProject
Project("{FAE04EC0-301F-11D3-BF4B-00C04F79EFBC}") = "FabricCsharp.Api", "src\FabricCsharp.Api\FabricCsharp.Api.csproj", "{8331EA5B-598C-42D8-90A9-E7FFF6341BC8}"
EndProject
Project("{FAE04EC0-301F-11D3-BF4B-00C04F79EFBC}") = "FabricCsharp.Transpiler", "src\FabricCsharp.Transpiler\FabricCsharp.Transpiler.csproj", "{B8537908-4DEE-4B4D-B181-98ADE1FDD79C}"
EndProject
Project("{FAE04EC0-301F-11D3-BF4B-00C04F79EFBC}") = "FabricCsharp.CodeGen", "src\FabricCsharp.CodeGen\FabricCsharp.CodeGen.csproj", "{7CFDD563-C6D3-4BDF-A9F9-F9DF6D1B8D25}"
EndProject
Project("{FAE04EC0-301F-11D3-BF4B-00C04F79EFBC}") = "FabricCsharp.Analyzers", "src\FabricCsharp.Analyzers\FabricCsharp.Analyzers.csproj", "{2FC35F78-21EF-4AE9-B483-C14BA60F9204}"
EndProject
Project("{FAE04EC0-301F-11D3-BF4B-00C04F79EFBC}") = "FabricCsharp.Sdk", "src\FabricCsharp.Sdk\FabricCsharp.Sdk.csproj", "{D85889A5-8A5A-4DF1-B201-F721EF05C316}"
EndProject
Project("{FAE04EC0-301F-11D3-BF4B-00C04F79EFBC}") = "FabricCsharp.Templates", "src\FabricCsharp.Templates\FabricCsharp.Templates.csproj", "{9DA7CEE5-E240-4856-BA09-357FE50E9FFB}"
EndProject
Project("{2150E333-8FDC-42A3-9474-1A3956D46DE8}") = "test", "test", "{0C88DD14-F956-CE84-757C-A364CCF449FC}"
EndProject
Project("{FAE04EC0-301F-11D3-BF4B-00C04F79EFBC}") = "FabricCsharp.Transpiler.Tests", "test\FabricCsharp.Transpiler.Tests\FabricCsharp.Transpiler.Tests.csproj", "{E16DCA40-8912-4F4B-A4CA-F3A4B004F56B}"
EndProject
Project("{FAE04EC0-301F-11D3-BF4B-00C04F79EFBC}") = "FabricCsharp.CodeGen.Tests", "test\FabricCsharp.CodeGen.Tests\FabricCsharp.CodeGen.Tests.csproj", "{9767B5AC-3C87-4DCD-A554-8CDDC33AD459}"
EndProject
Project("{FAE04EC0-301F-11D3-BF4B-00C04F79EFBC}") = "FabricCsharp.Integration.Tests", "test\FabricCsharp.Integration.Tests\FabricCsharp.Integration.Tests.csproj", "{5B76D1C1-02CD-4C9D-8311-38585D6C908F}"
EndProject
Global
	GlobalSection(SolutionConfigurationPlatforms) = preSolution
		Debug|Any CPU = Debug|Any CPU
		Debug|x64 = Debug|x64
		Debug|x86 = Debug|x86
		Release|Any CPU = Release|Any CPU
		Release|x64 = Release|x64
		Release|x86 = Release|x86
	EndGlobalSection
	GlobalSection(ProjectConfigurationPlatforms) = postSolution
		{8331EA5B-598C-42D8-90A9-E7FFF6341BC8}.Debug|Any CPU.ActiveCfg = Debug|Any CPU
		{8331EA5B-598C-42D8-90A9-E7FFF6341BC8}.Debug|Any CPU.Build.0 = Debug|Any CPU
		{8331EA5B-598C-42D8-90A9-E7FFF6341BC8}.Debug|x64.ActiveCfg = Debug|Any CPU
		{8331EA5B-598C-42D8-90A9-E7FFF6341BC8}.Debug|x64.Build.0 = Debug|Any CPU
		{8331EA5B-598C-42D8-90A9-E7FFF6341BC8}.Debug|x86.ActiveCfg = Debug|Any CPU
		{8331EA5B-598C-42D8-90A9-E7FFF6341BC8}.Debug|x86.Build.0 = Debug|Any CPU
		{8331EA5B-598C-42D8-90A9-E7FFF6341BC8}.Release|Any CPU.ActiveCfg = Release|Any CPU
		{8331EA5B-598C-42D8-90A9-E7FFF6341BC8}.Release|Any CPU.Build.0 = Release|Any CPU
		{8331EA5B-598C-42D8-90A9-E7FFF6341BC8}.Release|x64.ActiveCfg = Release|Any CPU
		{8331EA5B-598C-42D8-90A9-E7FFF6341BC8}.Release|x64.Build.0 = Release|Any CPU
		{8331EA5B-598C-42D8-90A9-E7FFF6341BC8}.Release|x86.ActiveCfg = Release|Any CPU
		{8331EA5B-598C-42D8-90A9-E7FFF6341BC8}.Release|x86.Build.0 = Release|Any CPU
		{B8537908-4DEE-4B4D-B181-98ADE1FDD79C}.Debug|Any CPU.ActiveCfg = Debug|Any CPU
		{B8537908-4DEE-4B4D-B181-98ADE1FDD79C}.Debug|Any CPU.Build.0 = Debug|Any CPU
		{B8537908-4DEE-4B4D-B181-98ADE1FDD79C}.Debug|x64.ActiveCfg = Debug|Any CPU
		{B8537908-4DEE-4B4D-B181-98ADE1FDD79C}.Debug|x64.Build.0 = Debug|Any CPU
		{B8537908-4DEE-4B4D-B181-98ADE1FDD79C}.Debug|x86.ActiveCfg = Debug|Any CPU
		{B8537908-4DEE-4B4D-B181-98ADE1FDD79C}.Debug|x86.Build.0 = Debug|Any CPU
		{B8537908-4DEE-4B4D-B181-98ADE1FDD79C}.Release|Any CPU.ActiveCfg = Release|Any CPU
		{B8537908-4DEE-4B4D-B181-98ADE1FDD79C}.Release|Any CPU.Build.0 = Release|Any CPU
		{B8537908-4DEE-4B4D-B181-98ADE1FDD79C}.Release|x64.ActiveCfg = Release|Any CPU
		{B8537908-4DEE-4B4D-B181-98ADE1FDD79C}.Release|x64.Build.0 = Release|Any CPU
		{B8537908-4DEE-4B4D-B181-98ADE1FDD79C}.Release|x86.ActiveCfg = Release|Any CPU
		{B8537908-4DEE-4B4D-B181-98ADE1FDD79C}.Release|x86.Build.0 = Release|Any CPU
		{7CFDD563-C6D3-4BDF-A9F9-F9DF6D1B8D25}.Debug|Any CPU.ActiveCfg = Debug|Any CPU
		{7CFDD563-C6D3-4BDF-A9F9-F9DF6D1B8D25}.Debug|Any CPU.Build.0 = Debug|Any CPU
		{7CFDD563-C6D3-4BDF-A9F9-F9DF6D1B8D25}.Debug|x64.ActiveCfg = Debug|Any CPU
		{7CFDD563-C6D3-4BDF-A9F9-F9DF6D1B8D25}.Debug|x64.Build.0 = Debug|Any CPU
		{7CFDD563-C6D3-4BDF-A9F9-F9DF6D1B8D25}.Debug|x86.ActiveCfg = Debug|Any CPU
		{7CFDD563-C6D3-4BDF-A9F9-F9DF6D1B8D25}.Debug|x86.Build.0 = Debug|Any CPU
		{7CFDD563-C6D3-4BDF-A9F9-F9DF6D1B8D25}.Release|Any CPU.ActiveCfg = Release|Any CPU
		{7CFDD563-C6D3-4BDF-A9F9-F9DF6D1B8D25}.Release|Any CPU.Build.0 = Release|Any CPU
		{7CFDD563-C6D3-4BDF-A9F9-F9DF6D1B8D25}.Release|x64.ActiveCfg = Release|Any CPU
		{7CFDD563-C6D3-4BDF-A9F9-F9DF6D1B8D25}.Release|x64.Build.0 = Release|Any CPU
		{7CFDD563-C6D3-4BDF-A9F9-F9DF6D1B8D25}.Release|x86.ActiveCfg = Release|Any CPU
		{7CFDD563-C6D3-4BDF-A9F9-F9DF6D1B8D25}.Release|x86.Build.0 = Release|Any CPU
		{2FC35F78-21EF-4AE9-B483-C14BA60F9204}.Debug|Any CPU.ActiveCfg = Debug|Any CPU
		{2FC35F78-21EF-4AE9-B483-C14BA60F9204}.Debug|Any CPU.Build.0 = Debug|Any CPU
		{2FC35F78-21EF-4AE9-B483-C14BA60F9204}.Debug|x64.ActiveCfg = Debug|Any CPU
		{2FC35F78-21EF-4AE9-B483-C14BA60F9204}.Debug|x64.Build.0 = Debug|Any CPU
		{2FC35F78-21EF-4AE9-B483-C14BA60F9204}.Debug|x86.ActiveCfg = Debug|Any CPU
		{2FC35F78-21EF-4AE9-B483-C14BA60F9204}.Debug|x86.Build.0 = Debug|Any CPU
		{2FC35F78-21EF-4AE9-B483-C14BA60F9204}.Release|Any CPU.ActiveCfg = Release|Any CPU
		{2FC35F78-21EF-4AE9-B483-C14BA60F9204}.Release|Any CPU.Build.0 = Release|Any CPU
		{2FC35F78-21EF-4AE9-B483-C14BA60F9204}.Release|x64.ActiveCfg = Release|Any CPU
		{2FC35F78-21EF-4AE9-B483-C14BA60F9204}.Release|x64.Build.0 = Release|Any CPU
		{2FC35F78-21EF-4AE9-B483-C14BA60F9204}.Release|x86.ActiveCfg = Release|Any CPU
		{2FC35F78-21EF-4AE9-B483-C14BA60F9204}.Release|x86.Build.0 = Release|Any CPU
		{D85889A5-8A5A-4DF1-B201-F721EF05C316}.Debug|Any CPU.ActiveCfg = Debug|Any CPU
		{D85889A5-8A5A-4DF1-B201-F721EF05C316}.Debug|Any CPU.Build.0 = Debug|Any CPU
		{D85889A5-8A5A-4DF1-B201-F721EF05C316}.Debug|x64.ActiveCfg = Debug|Any CPU
		{D85889A5-8A5A-4DF1-B201-F721EF05C316}.Debug|x64.Build.0 = Debug|Any CPU
		{D85889A5-8A5A-4DF1-B201-F721EF05C316}.Debug|x86.ActiveCfg = Debug|Any CPU
		{D85889A5-8A5A-4DF1-B201-F721EF05C316}.Debug|x86.Build.0 = Debug|Any CPU
		{D85889A5-8A5A-4DF1-B201-F721EF05C316}.Release|Any CPU.ActiveCfg = Release|Any CPU
		{D85889A5-8A5A-4DF1-B201-F721EF05C316}.Release|Any CPU.Build.0 = Release|Any CPU
		{D85889A5-8A5A-4DF1-B201-F721EF05C316}.Release|x64.ActiveCfg = Release|Any CPU
		{D85889A5-8A5A-4DF1-B201-F721EF05C316}.Release|x64.Build.0 = Release|Any CPU
		{D85889A5-8A5A-4DF1-B201-F721EF05C316}.Release|x86.ActiveCfg = Release|Any CPU
		{D85889A5-8A5A-4DF1-B201-F721EF05C316}.Release|x86.Build.0 = Release|Any CPU
		{9DA7CEE5-E240-4856-BA09-357FE50E9FFB}.Debug|Any CPU.ActiveCfg = Debug|Any CPU
		{9DA7CEE5-E240-4856-BA09-357FE50E9FFB}.Debug|Any CPU.Build.0 = Debug|Any CPU
		{9DA7CEE5-E240-4856-BA09-357FE50E9FFB}.Debug|x64.ActiveCfg = Debug|Any CPU
		{9DA7CEE5-E240-4856-BA09-357FE50E9FFB}.Debug|x64.Build.0 = Debug|Any CPU
		{9DA7CEE5-E240-4856-BA09-357FE50E9FFB}.Debug|x86.ActiveCfg = Debug|Any CPU
		{9DA7CEE5-E240-4856-BA09-357FE50E9FFB}.Debug|x86.Build.0 = Debug|Any CPU
		{9DA7CEE5-E240-4856-BA09-357FE50E9FFB}.Release|Any CPU.ActiveCfg = Release|Any CPU
		{9DA7CEE5-E240-4856-BA09-357FE50E9FFB}.Release|Any CPU.Build.0 = Release|Any CPU
		{9DA7CEE5-E240-4856-BA09-357FE50E9FFB}.Release|x64.ActiveCfg = Release|Any CPU
		{9DA7CEE5-E240-4856-BA09-357FE50E9FFB}.Release|x64.Build.0 = Release|Any CPU
		{9DA7CEE5-E240-4856-BA09-357FE50E9FFB}.Release|x86.ActiveCfg = Release|Any CPU
		{9DA7CEE5-E240-4856-BA09-357FE50E9FFB}.Release|x86.Build.0 = Release|Any CPU
		{E16DCA40-8912-4F4B-A4CA-F3A4B004F56B}.Debug|Any CPU.ActiveCfg = Debug|Any CPU
		{E16DCA40-8912-4F4B-A4CA-F3A4B004F56B}.Debug|Any CPU.Build.0 = Debug|Any CPU
		{E16DCA40-8912-4F4B-A4CA-F3A4B004F56B}.Debug|x64.ActiveCfg = Debug|Any CPU
		{E16DCA40-8912-4F4B-A4CA-F3A4B004F56B}.Debug|x64.Build.0 = Debug|Any CPU
		{E16DCA40-8912-4F4B-A4CA-F3A4B004F56B}.Debug|x86.ActiveCfg = Debug|Any CPU
		{E16DCA40-8912-4F4B-A4CA-F3A4B004F56B}.Debug|x86.Build.0 = Debug|Any CPU
		{E16DCA40-8912-4F4B-A4CA-F3A4B004F56B}.Release|Any CPU.ActiveCfg = Release|Any CPU
		{E16DCA40-8912-4F4B-A4CA-F3A4B004F56B}.Release|Any CPU.Build.0 = Release|Any CPU
		{E16DCA40-8912-4F4B-A4CA-F3A4B004F56B}.Release|x64.ActiveCfg = Release|Any CPU
		{E16DCA40-8912-4F4B-A4CA-F3A4B004F56B}.Release|x64.Build.0 = Release|Any CPU
		{E16DCA40-8912-4F4B-A4CA-F3A4B004F56B}.Release|x86.ActiveCfg = Release|Any CPU
		{E16DCA40-8912-4F4B-A4CA-F3A4B004F56B}.Release|x86.Build.0 = Release|Any CPU
		{9767B5AC-3C87-4DCD-A554-8CDDC33AD459}.Debug|Any CPU.ActiveCfg = Debug|Any CPU
		{9767B5AC-3C87-4DCD-A554-8CDDC33AD459}.Debug|Any CPU.Build.0 = Debug|Any CPU
		{9767B5AC-3C87-4DCD-A554-8CDDC33AD459}.Debug|x64.ActiveCfg = Debug|Any CPU
		{9767B5AC-3C87-4DCD-A554-8CDDC33AD459}.Debug|x64.Build.0 = Debug|Any CPU
		{9767B5AC-3C87-4DCD-A554-8CDDC33AD459}.Debug|x86.ActiveCfg = Debug|Any CPU
		{9767B5AC-3C87-4DCD-A554-8CDDC33AD459}.Debug|x86.Build.0 = Debug|Any CPU
		{9767B5AC-3C87-4DCD-A554-8CDDC33AD459}.Release|Any CPU.ActiveCfg = Release|Any CPU
		{9767B5AC-3C87-4DCD-A554-8CDDC33AD459}.Release|Any CPU.Build.0 = Release|Any CPU
		{9767B5AC-3C87-4DCD-A554-8CDDC33AD459}.Release|x64.ActiveCfg = Release|Any CPU
		{9767B5AC-3C87-4DCD-A554-8CDDC33AD459}.Release|x64.Build.0 = Release|Any CPU
		{9767B5AC-3C87-4DCD-A554-8CDDC33AD459}.Release|x86.ActiveCfg = Release|Any CPU
		{9767B5AC-3C87-4DCD-A554-8CDDC33AD459}.Release|x86.Build.0 = Release|Any CPU
		{5B76D1C1-02CD-4C9D-8311-38585D6C908F}.Debug|Any CPU.ActiveCfg = Debug|Any CPU
		{5B76D1C1-02CD-4C9D-8311-38585D6C908F}.Debug|Any CPU.Build.0 = Debug|Any CPU
		{5B76D1C1-02CD-4C9D-8311-38585D6C908F}.Debug|x64.ActiveCfg = Debug|Any CPU
		{5B76D1C1-02CD-4C9D-8311-38585D6C908F}.Debug|x64.Build.0 = Debug|Any CPU
		{5B76D1C1-02CD-4C9D-8311-38585D6C908F}.Debug|x86.ActiveCfg = Debug|Any CPU
		{5B76D1C1-02CD-4C9D-8311-38585D6C908F}.Debug|x86.Build.0 = Debug|Any CPU
		{5B76D1C1-02CD-4C9D-8311-38585D6C908F}.Release|Any CPU.ActiveCfg = Release|Any CPU
		{5B76D1C1-02CD-4C9D-8311-38585D6C908F}.Release|Any CPU.Build.0 = Release|Any CPU
		{5B76D1C1-02CD-4C9D-8311-38585D6C908F}.Release|x64.ActiveCfg = Release|Any CPU
		{5B76D1C1-02CD-4C9D-8311-38585D6C908F}.Release|x64.Build.0 = Release|Any CPU
		{5B76D1C1-02CD-4C9D-8311-38585D6C908F}.Release|x86.ActiveCfg = Release|Any CPU
		{5B76D1C1-02CD-4C9D-8311-38585D6C908F}.Release|x86.Build.0 = Release|Any CPU
	EndGlobalSection
	GlobalSection(SolutionProperties) = preSolution
		HideSolutionNode = FALSE
	EndGlobalSection
	GlobalSection(NestedProjects) = preSolution
		{8331EA5B-598C-42D8-90A9-E7FFF6341BC8} = {827E0CD3-B72D-47B6-A68D-7590B98EB39B}
		{B8537908-4DEE-4B4D-B181-98ADE1FDD79C} = {827E0CD3-B72D-47B6-A68D-7590B98EB39B}
		{7CFDD563-C6D3-4BDF-A9F9-F9DF6D1B8D25} = {827E0CD3-B72D-47B6-A68D-7590B98EB39B}
		{2FC35F78-21EF-4AE9-B483-C14BA60F9204} = {827E0CD3-B72D-47B6-A68D-7590B98EB39B}
		{D85889A5-8A5A-4DF1-B201-F721EF05C316} = {827E0CD3-B72D-47B6-A68D-7590B98EB39B}
		{9DA7CEE5-E240-4856-BA09-357FE50E9FFB} = {827E0CD3-B72D-47B6-A68D-7590B98EB39B}
		{E16DCA40-8912-4F4B-A4CA-F3A4B004F56B} = {0C88DD14-F956-CE84-757C-A364CCF449FC}
		{9767B5AC-3C87-4DCD-A554-8CDDC33AD459} = {0C88DD14-F956-CE84-757C-A364CCF449FC}
		{5B76D1C1-02CD-4C9D-8311-38585D6C908F} = {0C88DD14-F956-CE84-757C-A364CCF449FC}
	EndGlobalSection
EndGlobal
